// !$*UTF8*$!
{
	archiveVersion = 1;
	classes = {
	};
	objectVersion = 55;
	objects = {

/* Begin PBXBuildFile section */
		30FEDA88033D940C379152E6 /* Pods_Flixer_FlixerUITests.framework in Frameworks */ = {isa = PBXBuildFile; fileRef = 9883EB00BEC020393A8806BE /* Pods_Flixer_FlixerUITests.framework */; };
		35A9EE40BC2E86B14510817B /* Pods_FlixerTests.framework in Frameworks */ = {isa = PBXBuildFile; fileRef = F50A85559B95E22C22092BEF /* Pods_FlixerTests.framework */; };
		95743FAB285BEF11001C71A8 /* MovieCell.m in Sources */ = {isa = PBXBuildFile; fileRef = 95743FAA285BEF11001C71A8 /* MovieCell.m */; };
		95968EF4285A93DF00EFDC8C /* MovieViewController.m in Sources */ = {isa = PBXBuildFile; fileRef = 95968EF3285A93DF00EFDC8C /* MovieViewController.m */; };
		959AE922285A5268001F6067 /* AppDelegate.m in Sources */ = {isa = PBXBuildFile; fileRef = 959AE921285A5268001F6067 /* AppDelegate.m */; };
		959AE925285A5268001F6067 /* SceneDelegate.m in Sources */ = {isa = PBXBuildFile; fileRef = 959AE924285A5268001F6067 /* SceneDelegate.m */; };
		959AE92E285A5268001F6067 /* Flixer.xcdatamodeld in Sources */ = {isa = PBXBuildFile; fileRef = 959AE92C285A5268001F6067 /* Flixer.xcdatamodeld */; };
		959AE930285A5269001F6067 /* Assets.xcassets in Resources */ = {isa = PBXBuildFile; fileRef = 959AE92F285A5269001F6067 /* Assets.xcassets */; };
		959AE933285A5269001F6067 /* LaunchScreen.storyboard in Resources */ = {isa = PBXBuildFile; fileRef = 959AE931285A5269001F6067 /* LaunchScreen.storyboard */; };
		959AE936285A5269001F6067 /* main.m in Sources */ = {isa = PBXBuildFile; fileRef = 959AE935285A5269001F6067 /* main.m */; };
		959AE940285A5269001F6067 /* FlixerTests.m in Sources */ = {isa = PBXBuildFile; fileRef = 959AE93F285A5269001F6067 /* FlixerTests.m */; };
		959AE94A285A5269001F6067 /* FlixerUITests.m in Sources */ = {isa = PBXBuildFile; fileRef = 959AE949285A5269001F6067 /* FlixerUITests.m */; };
		959AE94C285A5269001F6067 /* FlixerUITestsLaunchTests.m in Sources */ = {isa = PBXBuildFile; fileRef = 959AE94B285A5269001F6067 /* FlixerUITestsLaunchTests.m */; };
		95A21351285C49B100F8EED3 /* Main.storyboard in Resources */ = {isa = PBXBuildFile; fileRef = 95A21350285C49B100F8EED3 /* Main.storyboard */; };
		95A21357285CE89800F8EED3 /* DetailViewController.m in Sources */ = {isa = PBXBuildFile; fileRef = 95A21356285CE89800F8EED3 /* DetailViewController.m */; };
		95A2135A285CEC9800F8EED3 /* GridCollectionViewController.m in Sources */ = {isa = PBXBuildFile; fileRef = 95A21359285CEC9800F8EED3 /* GridCollectionViewController.m */; };
		95A21369285D0DED00F8EED3 /* GridCollectionViewCell.m in Sources */ = {isa = PBXBuildFile; fileRef = 95A21368285D0DED00F8EED3 /* GridCollectionViewCell.m */; };
		E214D8B4EBBDF5FF3E02D885 /* Pods_Flixer.framework in Frameworks */ = {isa = PBXBuildFile; fileRef = 440A96DD6BFD8382D3AC3063 /* Pods_Flixer.framework */; };
/* End PBXBuildFile section */

/* Begin PBXContainerItemProxy section */
		959AE93C285A5269001F6067 /* PBXContainerItemProxy */ = {
			isa = PBXContainerItemProxy;
			containerPortal = 959AE915285A5268001F6067 /* Project object */;
			proxyType = 1;
			remoteGlobalIDString = 959AE91C285A5268001F6067;
			remoteInfo = Flixer;
		};
		959AE946285A5269001F6067 /* PBXContainerItemProxy */ = {
			isa = PBXContainerItemProxy;
			containerPortal = 959AE915285A5268001F6067 /* Project object */;
			proxyType = 1;
			remoteGlobalIDString = 959AE91C285A5268001F6067;
			remoteInfo = Flixer;
		};
/* End PBXContainerItemProxy section */

/* Begin PBXFileReference section */
		0143ADF01308307F0B652396 /* Pods-FlixerTests.release.xcconfig */ = {isa = PBXFileReference; includeInIndex = 1; lastKnownFileType = text.xcconfig; name = "Pods-FlixerTests.release.xcconfig"; path = "Pods/Target Support Files/Pods-FlixerTests/Pods-FlixerTests.release.xcconfig"; sourceTree = "<group>"; };
		1262B45CB2B0C963151A9CFB /* Pods-FlixerTests.debug.xcconfig */ = {isa = PBXFileReference; includeInIndex = 1; lastKnownFileType = text.xcconfig; name = "Pods-FlixerTests.debug.xcconfig"; path = "Pods/Target Support Files/Pods-FlixerTests/Pods-FlixerTests.debug.xcconfig"; sourceTree = "<group>"; };
		168102CDFE95AEAFCB4AB319 /* Pods-Flixer-FlixerUITests.debug.xcconfig */ = {isa = PBXFileReference; includeInIndex = 1; lastKnownFileType = text.xcconfig; name = "Pods-Flixer-FlixerUITests.debug.xcconfig"; path = "Pods/Target Support Files/Pods-Flixer-FlixerUITests/Pods-Flixer-FlixerUITests.debug.xcconfig"; sourceTree = "<group>"; };
		3BEB2980BBB786F230745CC7 /* Pods-Flixer.release.xcconfig */ = {isa = PBXFileReference; includeInIndex = 1; lastKnownFileType = text.xcconfig; name = "Pods-Flixer.release.xcconfig"; path = "Pods/Target Support Files/Pods-Flixer/Pods-Flixer.release.xcconfig"; sourceTree = "<group>"; };
		440A96DD6BFD8382D3AC3063 /* Pods_Flixer.framework */ = {isa = PBXFileReference; explicitFileType = wrapper.framework; includeInIndex = 0; path = Pods_Flixer.framework; sourceTree = BUILT_PRODUCTS_DIR; };
		6459452721D45771B5A70E42 /* Pods-Flixer.debug.xcconfig */ = {isa = PBXFileReference; includeInIndex = 1; lastKnownFileType = text.xcconfig; name = "Pods-Flixer.debug.xcconfig"; path = "Pods/Target Support Files/Pods-Flixer/Pods-Flixer.debug.xcconfig"; sourceTree = "<group>"; };
		95743FA9285BEF11001C71A8 /* MovieCell.h */ = {isa = PBXFileReference; lastKnownFileType = sourcecode.c.h; path = MovieCell.h; sourceTree = "<group>"; };
		95743FAA285BEF11001C71A8 /* MovieCell.m */ = {isa = PBXFileReference; lastKnownFileType = sourcecode.c.objc; path = MovieCell.m; sourceTree = "<group>"; };
		95968EF2285A93DF00EFDC8C /* MovieViewController.h */ = {isa = PBXFileReference; lastKnownFileType = sourcecode.c.h; path = MovieViewController.h; sourceTree = "<group>"; };
		95968EF3285A93DF00EFDC8C /* MovieViewController.m */ = {isa = PBXFileReference; lastKnownFileType = sourcecode.c.objc; path = MovieViewController.m; sourceTree = "<group>"; };
		959AE91D285A5268001F6067 /* Flixer.app */ = {isa = PBXFileReference; explicitFileType = wrapper.application; includeInIndex = 0; path = Flixer.app; sourceTree = BUILT_PRODUCTS_DIR; };
		959AE920285A5268001F6067 /* AppDelegate.h */ = {isa = PBXFileReference; lastKnownFileType = sourcecode.c.h; path = AppDelegate.h; sourceTree = "<group>"; };
		959AE921285A5268001F6067 /* AppDelegate.m */ = {isa = PBXFileReference; lastKnownFileType = sourcecode.c.objc; path = AppDelegate.m; sourceTree = "<group>"; };
		959AE923285A5268001F6067 /* SceneDelegate.h */ = {isa = PBXFileReference; lastKnownFileType = sourcecode.c.h; path = SceneDelegate.h; sourceTree = "<group>"; };
		959AE924285A5268001F6067 /* SceneDelegate.m */ = {isa = PBXFileReference; lastKnownFileType = sourcecode.c.objc; path = SceneDelegate.m; sourceTree = "<group>"; };
		959AE92D285A5268001F6067 /* Flixer.xcdatamodel */ = {isa = PBXFileReference; lastKnownFileType = wrapper.xcdatamodel; path = Flixer.xcdatamodel; sourceTree = "<group>"; };
		959AE92F285A5269001F6067 /* Assets.xcassets */ = {isa = PBXFileReference; lastKnownFileType = folder.assetcatalog; path = Assets.xcassets; sourceTree = "<group>"; };
		959AE932285A5269001F6067 /* Base */ = {isa = PBXFileReference; lastKnownFileType = file.storyboard; name = Base; path = Base.lproj/LaunchScreen.storyboard; sourceTree = "<group>"; };
		959AE934285A5269001F6067 /* Info.plist */ = {isa = PBXFileReference; lastKnownFileType = text.plist.xml; path = Info.plist; sourceTree = "<group>"; };
		959AE935285A5269001F6067 /* main.m */ = {isa = PBXFileReference; lastKnownFileType = sourcecode.c.objc; path = main.m; sourceTree = "<group>"; };
		959AE93B285A5269001F6067 /* FlixerTests.xctest */ = {isa = PBXFileReference; explicitFileType = wrapper.cfbundle; includeInIndex = 0; path = FlixerTests.xctest; sourceTree = BUILT_PRODUCTS_DIR; };
		959AE93F285A5269001F6067 /* FlixerTests.m */ = {isa = PBXFileReference; lastKnownFileType = sourcecode.c.objc; path = FlixerTests.m; sourceTree = "<group>"; };
		959AE945285A5269001F6067 /* FlixerUITests.xctest */ = {isa = PBXFileReference; explicitFileType = wrapper.cfbundle; includeInIndex = 0; path = FlixerUITests.xctest; sourceTree = BUILT_PRODUCTS_DIR; };
		959AE949285A5269001F6067 /* FlixerUITests.m */ = {isa = PBXFileReference; lastKnownFileType = sourcecode.c.objc; path = FlixerUITests.m; sourceTree = "<group>"; };
		959AE94B285A5269001F6067 /* FlixerUITestsLaunchTests.m */ = {isa = PBXFileReference; lastKnownFileType = sourcecode.c.objc; path = FlixerUITestsLaunchTests.m; sourceTree = "<group>"; };
		95A21350285C49B100F8EED3 /* Main.storyboard */ = {isa = PBXFileReference; fileEncoding = 4; lastKnownFileType = file.storyboard; name = Main.storyboard; path = ../../../.Trash/Main.storyboard; sourceTree = "<group>"; };
		95A21355285CE89800F8EED3 /* DetailViewController.h */ = {isa = PBXFileReference; lastKnownFileType = sourcecode.c.h; path = DetailViewController.h; sourceTree = "<group>"; };
		95A21356285CE89800F8EED3 /* DetailViewController.m */ = {isa = PBXFileReference; lastKnownFileType = sourcecode.c.objc; path = DetailViewController.m; sourceTree = "<group>"; };
		95A21358285CEC9800F8EED3 /* GridCollectionViewController.h */ = {isa = PBXFileReference; lastKnownFileType = sourcecode.c.h; path = GridCollectionViewController.h; sourceTree = "<group>"; };
		95A21359285CEC9800F8EED3 /* GridCollectionViewController.m */ = {isa = PBXFileReference; lastKnownFileType = sourcecode.c.objc; path = GridCollectionViewController.m; sourceTree = "<group>"; };
		95A21367285D0DED00F8EED3 /* GridCollectionViewCell.h */ = {isa = PBXFileReference; lastKnownFileType = sourcecode.c.h; path = GridCollectionViewCell.h; sourceTree = "<group>"; };
		95A21368285D0DED00F8EED3 /* GridCollectionViewCell.m */ = {isa = PBXFileReference; lastKnownFileType = sourcecode.c.objc; path = GridCollectionViewCell.m; sourceTree = "<group>"; };
		9883EB00BEC020393A8806BE /* Pods_Flixer_FlixerUITests.framework */ = {isa = PBXFileReference; explicitFileType = wrapper.framework; includeInIndex = 0; path = Pods_Flixer_FlixerUITests.framework; sourceTree = BUILT_PRODUCTS_DIR; };
		A02D6AD38CD08D6D59A31446 /* Pods-Flixer-FlixerUITests.release.xcconfig */ = {isa = PBXFileReference; includeInIndex = 1; lastKnownFileType = text.xcconfig; name = "Pods-Flixer-FlixerUITests.release.xcconfig"; path = "Pods/Target Support Files/Pods-Flixer-FlixerUITests/Pods-Flixer-FlixerUITests.release.xcconfig"; sourceTree = "<group>"; };
		F50A85559B95E22C22092BEF /* Pods_FlixerTests.framework */ = {isa = PBXFileReference; explicitFileType = wrapper.framework; includeInIndex = 0; path = Pods_FlixerTests.framework; sourceTree = BUILT_PRODUCTS_DIR; };
/* End PBXFileReference section */

/* Begin PBXFrameworksBuildPhase section */
		959AE91A285A5268001F6067 /* Frameworks */ = {
			isa = PBXFrameworksBuildPhase;
			buildActionMask = 2147483647;
			files = (
				E214D8B4EBBDF5FF3E02D885 /* Pods_Flixer.framework in Frameworks */,
			);
			runOnlyForDeploymentPostprocessing = 0;
		};
		959AE938285A5269001F6067 /* Frameworks */ = {
			isa = PBXFrameworksBuildPhase;
			buildActionMask = 2147483647;
			files = (
				35A9EE40BC2E86B14510817B /* Pods_FlixerTests.framework in Frameworks */,
			);
			runOnlyForDeploymentPostprocessing = 0;
		};
		959AE942285A5269001F6067 /* Frameworks */ = {
			isa = PBXFrameworksBuildPhase;
			buildActionMask = 2147483647;
			files = (
				30FEDA88033D940C379152E6 /* Pods_Flixer_FlixerUITests.framework in Frameworks */,
			);
			runOnlyForDeploymentPostprocessing = 0;
		};
/* End PBXFrameworksBuildPhase section */

/* Begin PBXGroup section */
		95743FAC285BEF1B001C71A8 /* Views */ = {
			isa = PBXGroup;
			children = (
			);
			path = Views;
			sourceTree = "<group>";
		};
		959AE914285A5268001F6067 = {
			isa = PBXGroup;
			children = (
				959AE91F285A5268001F6067 /* Flixer */,
				959AE93E285A5269001F6067 /* FlixerTests */,
				959AE948285A5269001F6067 /* FlixerUITests */,
				959AE91E285A5268001F6067 /* Products */,
				C6A0050D54EDBF4CBA398461 /* Pods */,
				F18A2C018516D09F711911FE /* Frameworks */,
			);
			sourceTree = "<group>";
		};
		959AE91E285A5268001F6067 /* Products */ = {
			isa = PBXGroup;
			children = (
				959AE91D285A5268001F6067 /* Flixer.app */,
				959AE93B285A5269001F6067 /* FlixerTests.xctest */,
				959AE945285A5269001F6067 /* FlixerUITests.xctest */,
			);
			name = Products;
			sourceTree = "<group>";
		};
		959AE91F285A5268001F6067 /* Flixer */ = {
			isa = PBXGroup;
			children = (
				95743FA9285BEF11001C71A8 /* MovieCell.h */,
				95743FAA285BEF11001C71A8 /* MovieCell.m */,
				959AE920285A5268001F6067 /* AppDelegate.h */,
				959AE921285A5268001F6067 /* AppDelegate.m */,
				959AE923285A5268001F6067 /* SceneDelegate.h */,
				959AE924285A5268001F6067 /* SceneDelegate.m */,
				95A21350285C49B100F8EED3 /* Main.storyboard */,
				95A21355285CE89800F8EED3 /* DetailViewController.h */,
				95A21356285CE89800F8EED3 /* DetailViewController.m */,
				95968EF2285A93DF00EFDC8C /* MovieViewController.h */,
				95968EF3285A93DF00EFDC8C /* MovieViewController.m */,
				959AE92F285A5269001F6067 /* Assets.xcassets */,
				959AE931285A5269001F6067 /* LaunchScreen.storyboard */,
				959AE934285A5269001F6067 /* Info.plist */,
				959AE935285A5269001F6067 /* main.m */,
				959AE92C285A5268001F6067 /* Flixer.xcdatamodeld */,
				95743FAC285BEF1B001C71A8 /* Views */,
				95A21358285CEC9800F8EED3 /* GridCollectionViewController.h */,
				95A21359285CEC9800F8EED3 /* GridCollectionViewController.m */,
				95A21367285D0DED00F8EED3 /* GridCollectionViewCell.h */,
				95A21368285D0DED00F8EED3 /* GridCollectionViewCell.m */,
			);
			path = Flixer;
			sourceTree = "<group>";
		};
		959AE93E285A5269001F6067 /* FlixerTests */ = {
			isa = PBXGroup;
			children = (
				959AE93F285A5269001F6067 /* FlixerTests.m */,
			);
			path = FlixerTests;
			sourceTree = "<group>";
		};
		959AE948285A5269001F6067 /* FlixerUITests */ = {
			isa = PBXGroup;
			children = (
				959AE949285A5269001F6067 /* FlixerUITests.m */,
				959AE94B285A5269001F6067 /* FlixerUITestsLaunchTests.m */,
			);
			path = FlixerUITests;
			sourceTree = "<group>";
		};
		C6A0050D54EDBF4CBA398461 /* Pods */ = {
			isa = PBXGroup;
			children = (
				6459452721D45771B5A70E42 /* Pods-Flixer.debug.xcconfig */,
				3BEB2980BBB786F230745CC7 /* Pods-Flixer.release.xcconfig */,
				168102CDFE95AEAFCB4AB319 /* Pods-Flixer-FlixerUITests.debug.xcconfig */,
				A02D6AD38CD08D6D59A31446 /* Pods-Flixer-FlixerUITests.release.xcconfig */,
				1262B45CB2B0C963151A9CFB /* Pods-FlixerTests.debug.xcconfig */,
				0143ADF01308307F0B652396 /* Pods-FlixerTests.release.xcconfig */,
			);
			name = Pods;
			sourceTree = "<group>";
		};
		F18A2C018516D09F711911FE /* Frameworks */ = {
			isa = PBXGroup;
			children = (
				440A96DD6BFD8382D3AC3063 /* Pods_Flixer.framework */,
				9883EB00BEC020393A8806BE /* Pods_Flixer_FlixerUITests.framework */,
				F50A85559B95E22C22092BEF /* Pods_FlixerTests.framework */,
			);
			name = Frameworks;
			sourceTree = "<group>";
		};
/* End PBXGroup section */

/* Begin PBXNativeTarget section */
		959AE91C285A5268001F6067 /* Flixer */ = {
			isa = PBXNativeTarget;
			buildConfigurationList = 959AE94F285A5269001F6067 /* Build configuration list for PBXNativeTarget "Flixer" */;
			buildPhases = (
				2D9BA7E93BC6568829B5E26B /* [CP] Check Pods Manifest.lock */,
				959AE919285A5268001F6067 /* Sources */,
				959AE91A285A5268001F6067 /* Frameworks */,
				959AE91B285A5268001F6067 /* Resources */,
				3903981955C19920202E9F17 /* [CP] Embed Pods Frameworks */,
			);
			buildRules = (
			);
			dependencies = (
			);
			name = Flixer;
			productName = Flixer;
			productReference = 959AE91D285A5268001F6067 /* Flixer.app */;
			productType = "com.apple.product-type.application";
		};
		959AE93A285A5269001F6067 /* FlixerTests */ = {
			isa = PBXNativeTarget;
			buildConfigurationList = 959AE952285A5269001F6067 /* Build configuration list for PBXNativeTarget "FlixerTests" */;
			buildPhases = (
				EE103716BF4B890C420FD58C /* [CP] Check Pods Manifest.lock */,
				959AE937285A5269001F6067 /* Sources */,
				959AE938285A5269001F6067 /* Frameworks */,
				959AE939285A5269001F6067 /* Resources */,
			);
			buildRules = (
			);
			dependencies = (
				959AE93D285A5269001F6067 /* PBXTargetDependency */,
			);
			name = FlixerTests;
			productName = FlixerTests;
			productReference = 959AE93B285A5269001F6067 /* FlixerTests.xctest */;
			productType = "com.apple.product-type.bundle.unit-test";
		};
		959AE944285A5269001F6067 /* FlixerUITests */ = {
			isa = PBXNativeTarget;
			buildConfigurationList = 959AE955285A5269001F6067 /* Build configuration list for PBXNativeTarget "FlixerUITests" */;
			buildPhases = (
				FFBB64041C033AE7C22627EC /* [CP] Check Pods Manifest.lock */,
				959AE941285A5269001F6067 /* Sources */,
				959AE942285A5269001F6067 /* Frameworks */,
				959AE943285A5269001F6067 /* Resources */,
				2306F1ECCC4B76360E180C5B /* [CP] Embed Pods Frameworks */,
			);
			buildRules = (
			);
			dependencies = (
				959AE947285A5269001F6067 /* PBXTargetDependency */,
			);
			name = FlixerUITests;
			productName = FlixerUITests;
			productReference = 959AE945285A5269001F6067 /* FlixerUITests.xctest */;
			productType = "com.apple.product-type.bundle.ui-testing";
		};
/* End PBXNativeTarget section */

/* Begin PBXProject section */
		959AE915285A5268001F6067 /* Project object */ = {
			isa = PBXProject;
			attributes = {
				LastUpgradeCheck = 1340;
				TargetAttributes = {
					959AE91C285A5268001F6067 = {
						CreatedOnToolsVersion = 13.4;
					};
					959AE93A285A5269001F6067 = {
						CreatedOnToolsVersion = 13.4;
						TestTargetID = 959AE91C285A5268001F6067;
					};
					959AE944285A5269001F6067 = {
						CreatedOnToolsVersion = 13.4;
						TestTargetID = 959AE91C285A5268001F6067;
					};
				};
			};
			buildConfigurationList = 959AE918285A5268001F6067 /* Build configuration list for PBXProject "Flixer" */;
			compatibilityVersion = "Xcode 13.0";
			developmentRegion = en;
			hasScannedForEncodings = 0;
			knownRegions = (
				en,
				Base,
			);
			mainGroup = 959AE914285A5268001F6067;
			productRefGroup = 959AE91E285A5268001F6067 /* Products */;
			projectDirPath = "";
			projectRoot = "";
			targets = (
				959AE91C285A5268001F6067 /* Flixer */,
				959AE93A285A5269001F6067 /* FlixerTests */,
				959AE944285A5269001F6067 /* FlixerUITests */,
			);
		};
/* End PBXProject section */

/* Begin PBXResourcesBuildPhase section */
		959AE91B285A5268001F6067 /* Resources */ = {
			isa = PBXResourcesBuildPhase;
			buildActionMask = 2147483647;
			files = (
				95A21351285C49B100F8EED3 /* Main.storyboard in Resources */,
				959AE933285A5269001F6067 /* LaunchScreen.storyboard in Resources */,
				959AE930285A5269001F6067 /* Assets.xcassets in Resources */,
			);
			runOnlyForDeploymentPostprocessing = 0;
		};
		959AE939285A5269001F6067 /* Resources */ = {
			isa = PBXResourcesBuildPhase;
			buildActionMask = 2147483647;
			files = (
			);
			runOnlyForDeploymentPostprocessing = 0;
		};
		959AE943285A5269001F6067 /* Resources */ = {
			isa = PBXResourcesBuildPhase;
			buildActionMask = 2147483647;
			files = (
			);
			runOnlyForDeploymentPostprocessing = 0;
		};
/* End PBXResourcesBuildPhase section */

/* Begin PBXShellScriptBuildPhase section */
		2306F1ECCC4B76360E180C5B /* [CP] Embed Pods Frameworks */ = {
			isa = PBXShellScriptBuildPhase;
			buildActionMask = 2147483647;
			files = (
			);
			inputPaths = (
				"${SRCROOT}/Pods/Target Support Files/Pods-Flixer-FlixerUITests/Pods-Flixer-FlixerUITests-frameworks.sh",
				"${BUILT_PRODUCTS_DIR}/AFNetworking/AFNetworking.framework",
			);
			name = "[CP] Embed Pods Frameworks";
			outputPaths = (
				"${TARGET_BUILD_DIR}/${FRAMEWORKS_FOLDER_PATH}/AFNetworking.framework",
			);
			runOnlyForDeploymentPostprocessing = 0;
			shellPath = /bin/sh;
			shellScript = "\"${SRCROOT}/Pods/Target Support Files/Pods-Flixer-FlixerUITests/Pods-Flixer-FlixerUITests-frameworks.sh\"\n";
			showEnvVarsInLog = 0;
		};
		2D9BA7E93BC6568829B5E26B /* [CP] Check Pods Manifest.lock */ = {
			isa = PBXShellScriptBuildPhase;
			buildActionMask = 2147483647;
			files = (
			);
			inputPaths = (
				"${PODS_PODFILE_DIR_PATH}/Podfile.lock",
				"${PODS_ROOT}/Manifest.lock",
			);
			name = "[CP] Check Pods Manifest.lock";
			outputPaths = (
				"$(DERIVED_FILE_DIR)/Pods-Flixer-checkManifestLockResult.txt",
			);
			runOnlyForDeploymentPostprocessing = 0;
			shellPath = /bin/sh;
			shellScript = "diff \"${PODS_PODFILE_DIR_PATH}/Podfile.lock\" \"${PODS_ROOT}/Manifest.lock\" > /dev/null\nif [ $? != 0 ] ; then\n    # print error to STDERR\n    echo \"error: The sandbox is not in sync with the Podfile.lock. Run 'pod install' or update your CocoaPods installation.\" >&2\n    exit 1\nfi\n# This output is used by Xcode 'outputs' to avoid re-running this script phase.\necho \"SUCCESS\" > \"${SCRIPT_OUTPUT_FILE_0}\"\n";
			showEnvVarsInLog = 0;
		};
		3903981955C19920202E9F17 /* [CP] Embed Pods Frameworks */ = {
			isa = PBXShellScriptBuildPhase;
			buildActionMask = 2147483647;
			files = (
			);
			inputPaths = (
				"${SRCROOT}/Pods/Target Support Files/Pods-Flixer/Pods-Flixer-frameworks.sh",
				"${BUILT_PRODUCTS_DIR}/AFNetworking/AFNetworking.framework",
			);
			name = "[CP] Embed Pods Frameworks";
			outputPaths = (
				"${TARGET_BUILD_DIR}/${FRAMEWORKS_FOLDER_PATH}/AFNetworking.framework",
			);
			runOnlyForDeploymentPostprocessing = 0;
			shellPath = /bin/sh;
			shellScript = "\"${SRCROOT}/Pods/Target Support Files/Pods-Flixer/Pods-Flixer-frameworks.sh\"\n";
			showEnvVarsInLog = 0;
		};
		EE103716BF4B890C420FD58C /* [CP] Check Pods Manifest.lock */ = {
			isa = PBXShellScriptBuildPhase;
			buildActionMask = 2147483647;
			files = (
			);
			inputPaths = (
				"${PODS_PODFILE_DIR_PATH}/Podfile.lock",
				"${PODS_ROOT}/Manifest.lock",
			);
			name = "[CP] Check Pods Manifest.lock";
			outputPaths = (
				"$(DERIVED_FILE_DIR)/Pods-FlixerTests-checkManifestLockResult.txt",
			);
			runOnlyForDeploymentPostprocessing = 0;
			shellPath = /bin/sh;
			shellScript = "diff \"${PODS_PODFILE_DIR_PATH}/Podfile.lock\" \"${PODS_ROOT}/Manifest.lock\" > /dev/null\nif [ $? != 0 ] ; then\n    # print error to STDERR\n    echo \"error: The sandbox is not in sync with the Podfile.lock. Run 'pod install' or update your CocoaPods installation.\" >&2\n    exit 1\nfi\n# This output is used by Xcode 'outputs' to avoid re-running this script phase.\necho \"SUCCESS\" > \"${SCRIPT_OUTPUT_FILE_0}\"\n";
			showEnvVarsInLog = 0;
		};
		FFBB64041C033AE7C22627EC /* [CP] Check Pods Manifest.lock */ = {
			isa = PBXShellScriptBuildPhase;
			buildActionMask = 2147483647;
			files = (
			);
			inputPaths = (
				"${PODS_PODFILE_DIR_PATH}/Podfile.lock",
				"${PODS_ROOT}/Manifest.lock",
			);
			name = "[CP] Check Pods Manifest.lock";
			outputPaths = (
				"$(DERIVED_FILE_DIR)/Pods-Flixer-FlixerUITests-checkManifestLockResult.txt",
			);
			runOnlyForDeploymentPostprocessing = 0;
			shellPath = /bin/sh;
			shellScript = "diff \"${PODS_PODFILE_DIR_PATH}/Podfile.lock\" \"${PODS_ROOT}/Manifest.lock\" > /dev/null\nif [ $? != 0 ] ; then\n    # print error to STDERR\n    echo \"error: The sandbox is not in sync with the Podfile.lock. Run 'pod install' or update your CocoaPods installation.\" >&2\n    exit 1\nfi\n# This output is used by Xcode 'outputs' to avoid re-running this script phase.\necho \"SUCCESS\" > \"${SCRIPT_OUTPUT_FILE_0}\"\n";
			showEnvVarsInLog = 0;
		};
/* End PBXShellScriptBuildPhase section */

/* Begin PBXSourcesBuildPhase section */
		959AE919285A5268001F6067 /* Sources */ = {
			isa = PBXSourcesBuildPhase;
			buildActionMask = 2147483647;
			files = (
				959AE936285A5269001F6067 /* main.m in Sources */,
				95968EF4285A93DF00EFDC8C /* MovieViewController.m in Sources */,
				95A21369285D0DED00F8EED3 /* GridCollectionViewCell.m in Sources */,
				95A2135A285CEC9800F8EED3 /* GridCollectionViewController.m in Sources */,
				95743FAB285BEF11001C71A8 /* MovieCell.m in Sources */,
				95A21357285CE89800F8EED3 /* DetailViewController.m in Sources */,
				959AE92E285A5268001F6067 /* Flixer.xcdatamodeld in Sources */,
				959AE922285A5268001F6067 /* AppDelegate.m in Sources */,
				959AE925285A5268001F6067 /* SceneDelegate.m in Sources */,
			);
			runOnlyForDeploymentPostprocessing = 0;
		};
		959AE937285A5269001F6067 /* Sources */ = {
			isa = PBXSourcesBuildPhase;
			buildActionMask = 2147483647;
			files = (
				959AE940285A5269001F6067 /* FlixerTests.m in Sources */,
			);
			runOnlyForDeploymentPostprocessing = 0;
		};
		959AE941285A5269001F6067 /* Sources */ = {
			isa = PBXSourcesBuildPhase;
			buildActionMask = 2147483647;
			files = (
				959AE94C285A5269001F6067 /* FlixerUITestsLaunchTests.m in Sources */,
				959AE94A285A5269001F6067 /* FlixerUITests.m in Sources */,
			);
			runOnlyForDeploymentPostprocessing = 0;
		};
/* End PBXSourcesBuildPhase section */

/* Begin PBXTargetDependency section */
		959AE93D285A5269001F6067 /* PBXTargetDependency */ = {
			isa = PBXTargetDependency;
			target = 959AE91C285A5268001F6067 /* Flixer */;
			targetProxy = 959AE93C285A5269001F6067 /* PBXContainerItemProxy */;
		};
		959AE947285A5269001F6067 /* PBXTargetDependency */ = {
			isa = PBXTargetDependency;
			target = 959AE91C285A5268001F6067 /* Flixer */;
			targetProxy = 959AE946285A5269001F6067 /* PBXContainerItemProxy */;
		};
/* End PBXTargetDependency section */

/* Begin PBXVariantGroup section */
		959AE931285A5269001F6067 /* LaunchScreen.storyboard */ = {
			isa = PBXVariantGroup;
			children = (
				959AE932285A5269001F6067 /* Base */,
			);
			name = LaunchScreen.storyboard;
			sourceTree = "<group>";
		};
/* End PBXVariantGroup section */

/* Begin XCBuildConfiguration section */
		959AE94D285A5269001F6067 /* Debug */ = {
			isa = XCBuildConfiguration;
			buildSettings = {
				ALWAYS_SEARCH_USER_PATHS = NO;
				CLANG_ANALYZER_NONNULL = YES;
				CLANG_ANALYZER_NUMBER_OBJECT_CONVERSION = YES_AGGRESSIVE;
				CLANG_CXX_LANGUAGE_STANDARD = "gnu++17";
				CLANG_ENABLE_MODULES = YES;
				CLANG_ENABLE_OBJC_ARC = YES;
				CLANG_ENABLE_OBJC_WEAK = YES;
				CLANG_WARN_BLOCK_CAPTURE_AUTORELEASING = YES;
				CLANG_WARN_BOOL_CONVERSION = YES;
				CLANG_WARN_COMMA = YES;
				CLANG_WARN_CONSTANT_CONVERSION = YES;
				CLANG_WARN_DEPRECATED_OBJC_IMPLEMENTATIONS = YES;
				CLANG_WARN_DIRECT_OBJC_ISA_USAGE = YES_ERROR;
				CLANG_WARN_DOCUMENTATION_COMMENTS = YES;
				CLANG_WARN_EMPTY_BODY = YES;
				CLANG_WARN_ENUM_CONVERSION = YES;
				CLANG_WARN_INFINITE_RECURSION = YES;
				CLANG_WARN_INT_CONVERSION = YES;
				CLANG_WARN_NON_LITERAL_NULL_CONVERSION = YES;
				CLANG_WARN_OBJC_IMPLICIT_RETAIN_SELF = YES;
				CLANG_WARN_OBJC_LITERAL_CONVERSION = YES;
				CLANG_WARN_OBJC_ROOT_CLASS = YES_ERROR;
				CLANG_WARN_QUOTED_INCLUDE_IN_FRAMEWORK_HEADER = YES;
				CLANG_WARN_RANGE_LOOP_ANALYSIS = YES;
				CLANG_WARN_STRICT_PROTOTYPES = YES;
				CLANG_WARN_SUSPICIOUS_MOVE = YES;
				CLANG_WARN_UNGUARDED_AVAILABILITY = YES_AGGRESSIVE;
				CLANG_WARN_UNREACHABLE_CODE = YES;
				CLANG_WARN__DUPLICATE_METHOD_MATCH = YES;
				COPY_PHASE_STRIP = NO;
				DEBUG_INFORMATION_FORMAT = dwarf;
				ENABLE_STRICT_OBJC_MSGSEND = YES;
				ENABLE_TESTABILITY = YES;
				GCC_C_LANGUAGE_STANDARD = gnu11;
				GCC_DYNAMIC_NO_PIC = NO;
				GCC_NO_COMMON_BLOCKS = YES;
				GCC_OPTIMIZATION_LEVEL = 0;
				GCC_PREPROCESSOR_DEFINITIONS = (
					"DEBUG=1",
					"$(inherited)",
				);
				GCC_WARN_64_TO_32_BIT_CONVERSION = YES;
				GCC_WARN_ABOUT_RETURN_TYPE = YES_ERROR;
				GCC_WARN_UNDECLARED_SELECTOR = YES;
				GCC_WARN_UNINITIALIZED_AUTOS = YES_AGGRESSIVE;
				GCC_WARN_UNUSED_FUNCTION = YES;
				GCC_WARN_UNUSED_VARIABLE = YES;
				IPHONEOS_DEPLOYMENT_TARGET = 15.5;
				MTL_ENABLE_DEBUG_INFO = INCLUDE_SOURCE;
				MTL_FAST_MATH = YES;
				ONLY_ACTIVE_ARCH = YES;
				SDKROOT = iphoneos;
			};
			name = Debug;
		};
		959AE94E285A5269001F6067 /* Release */ = {
			isa = XCBuildConfiguration;
			buildSettings = {
				ALWAYS_SEARCH_USER_PATHS = NO;
				CLANG_ANALYZER_NONNULL = YES;
				CLANG_ANALYZER_NUMBER_OBJECT_CONVERSION = YES_AGGRESSIVE;
				CLANG_CXX_LANGUAGE_STANDARD = "gnu++17";
				CLANG_ENABLE_MODULES = YES;
				CLANG_ENABLE_OBJC_ARC = YES;
				CLANG_ENABLE_OBJC_WEAK = YES;
				CLANG_WARN_BLOCK_CAPTURE_AUTORELEASING = YES;
				CLANG_WARN_BOOL_CONVERSION = YES;
				CLANG_WARN_COMMA = YES;
				CLANG_WARN_CONSTANT_CONVERSION = YES;
				CLANG_WARN_DEPRECATED_OBJC_IMPLEMENTATIONS = YES;
				CLANG_WARN_DIRECT_OBJC_ISA_USAGE = YES_ERROR;
				CLANG_WARN_DOCUMENTATION_COMMENTS = YES;
				CLANG_WARN_EMPTY_BODY = YES;
				CLANG_WARN_ENUM_CONVERSION = YES;
				CLANG_WARN_INFINITE_RECURSION = YES;
				CLANG_WARN_INT_CONVERSION = YES;
				CLANG_WARN_NON_LITERAL_NULL_CONVERSION = YES;
				CLANG_WARN_OBJC_IMPLICIT_RETAIN_SELF = YES;
				CLANG_WARN_OBJC_LITERAL_CONVERSION = YES;
				CLANG_WARN_OBJC_ROOT_CLASS = YES_ERROR;
				CLANG_WARN_QUOTED_INCLUDE_IN_FRAMEWORK_HEADER = YES;
				CLANG_WARN_RANGE_LOOP_ANALYSIS = YES;
				CLANG_WARN_STRICT_PROTOTYPES = YES;
				CLANG_WARN_SUSPICIOUS_MOVE = YES;
				CLANG_WARN_UNGUARDED_AVAILABILITY = YES_AGGRESSIVE;
				CLANG_WARN_UNREACHABLE_CODE = YES;
				CLANG_WARN__DUPLICATE_METHOD_MATCH = YES;
				COPY_PHASE_STRIP = NO;
				DEBUG_INFORMATION_FORMAT = "dwarf-with-dsym";
				ENABLE_NS_ASSERTIONS = NO;
				ENABLE_STRICT_OBJC_MSGSEND = YES;
				GCC_C_LANGUAGE_STANDARD = gnu11;
				GCC_NO_COMMON_BLOCKS = YES;
				GCC_WARN_64_TO_32_BIT_CONVERSION = YES;
				GCC_WARN_ABOUT_RETURN_TYPE = YES_ERROR;
				GCC_WARN_UNDECLARED_SELECTOR = YES;
				GCC_WARN_UNINITIALIZED_AUTOS = YES_AGGRESSIVE;
				GCC_WARN_UNUSED_FUNCTION = YES;
				GCC_WARN_UNUSED_VARIABLE = YES;
				IPHONEOS_DEPLOYMENT_TARGET = 15.5;
				MTL_ENABLE_DEBUG_INFO = NO;
				MTL_FAST_MATH = YES;
				SDKROOT = iphoneos;
				VALIDATE_PRODUCT = YES;
			};
			name = Release;
		};
		959AE950285A5269001F6067 /* Debug */ = {
			isa = XCBuildConfiguration;
			baseConfigurationReference = 6459452721D45771B5A70E42 /* Pods-Flixer.debug.xcconfig */;
			buildSettings = {
				ASSETCATALOG_COMPILER_APPICON_NAME = AppIcon;
				ASSETCATALOG_COMPILER_GLOBAL_ACCENT_COLOR_NAME = AccentColor;
				CODE_SIGN_STYLE = Automatic;
				CURRENT_PROJECT_VERSION = 1;
				DEVELOPMENT_TEAM = 88Y8BFDH8B;
				GENERATE_INFOPLIST_FILE = YES;
				INFOPLIST_FILE = Flixer/Info.plist;
				INFOPLIST_KEY_UIApplicationSupportsIndirectInputEvents = YES;
				INFOPLIST_KEY_UILaunchStoryboardName = LaunchScreen;
				INFOPLIST_KEY_UIMainStoryboardFile = Main;
				INFOPLIST_KEY_UISupportedInterfaceOrientations_iPad = "UIInterfaceOrientationPortrait UIInterfaceOrientationPortraitUpsideDown UIInterfaceOrientationLandscapeLeft UIInterfaceOrientationLandscapeRight";
				INFOPLIST_KEY_UISupportedInterfaceOrientations_iPhone = "UIInterfaceOrientationPortrait UIInterfaceOrientationLandscapeLeft UIInterfaceOrientationLandscapeRight";
				IPHONEOS_DEPLOYMENT_TARGET = 14.0;
				LD_RUNPATH_SEARCH_PATHS = (
					"$(inherited)",
					"@executable_path/Frameworks",
				);
				MARKETING_VERSION = 1.0;
				PRODUCT_BUNDLE_IDENTIFIER = Tippy.Flixer;
				PRODUCT_NAME = "$(TARGET_NAME)";
				SWIFT_EMIT_LOC_STRINGS = YES;
				TARGETED_DEVICE_FAMILY = "1,2";
			};
			name = Debug;
		};
		959AE951285A5269001F6067 /* Release */ = {
			isa = XCBuildConfiguration;
			baseConfigurationReference = 3BEB2980BBB786F230745CC7 /* Pods-Flixer.release.xcconfig */;
			buildSettings = {
				ASSETCATALOG_COMPILER_APPICON_NAME = AppIcon;
				ASSETCATALOG_COMPILER_GLOBAL_ACCENT_COLOR_NAME = AccentColor;
				CODE_SIGN_STYLE = Automatic;
				CURRENT_PROJECT_VERSION = 1;
				DEVELOPMENT_TEAM = 88Y8BFDH8B;
				GENERATE_INFOPLIST_FILE = YES;
				INFOPLIST_FILE = Flixer/Info.plist;
				INFOPLIST_KEY_UIApplicationSupportsIndirectInputEvents = YES;
				INFOPLIST_KEY_UILaunchStoryboardName = LaunchScreen;
				INFOPLIST_KEY_UIMainStoryboardFile = Main;
				INFOPLIST_KEY_UISupportedInterfaceOrientations_iPad = "UIInterfaceOrientationPortrait UIInterfaceOrientationPortraitUpsideDown UIInterfaceOrientationLandscapeLeft UIInterfaceOrientationLandscapeRight";
				INFOPLIST_KEY_UISupportedInterfaceOrientations_iPhone = "UIInterfaceOrientationPortrait UIInterfaceOrientationLandscapeLeft UIInterfaceOrientationLandscapeRight";
				IPHONEOS_DEPLOYMENT_TARGET = 14.0;
				LD_RUNPATH_SEARCH_PATHS = (
					"$(inherited)",
					"@executable_path/Frameworks",
				);
				MARKETING_VERSION = 1.0;
				PRODUCT_BUNDLE_IDENTIFIER = Tippy.Flixer;
				PRODUCT_NAME = "$(TARGET_NAME)";
				SWIFT_EMIT_LOC_STRINGS = YES;
				TARGETED_DEVICE_FAMILY = "1,2";
			};
			name = Release;
		};
		959AE953285A5269001F6067 /* Debug */ = {
			isa = XCBuildConfiguration;
			baseConfigurationReference = 1262B45CB2B0C963151A9CFB /* Pods-FlixerTests.debug.xcconfig */;
			buildSettings = {
				BUNDLE_LOADER = "$(TEST_HOST)";
				CODE_SIGN_STYLE = Automatic;
				CURRENT_PROJECT_VERSION = 1;
				GENERATE_INFOPLIST_FILE = YES;
				IPHONEOS_DEPLOYMENT_TARGET = 15.5;
				MARKETING_VERSION = 1.0;
				PRODUCT_BUNDLE_IDENTIFIER = Tippy.FlixerTests;
				PRODUCT_NAME = "$(TARGET_NAME)";
				SWIFT_EMIT_LOC_STRINGS = NO;
				TARGETED_DEVICE_FAMILY = "1,2";
				TEST_HOST = "$(BUILT_PRODUCTS_DIR)/Flixer.app/Flixer";
			};
			name = Debug;
		};
		959AE954285A5269001F6067 /* Release */ = {
			isa = XCBuildConfiguration;
			baseConfigurationReference = 0143ADF01308307F0B652396 /* Pods-FlixerTests.release.xcconfig */;
			buildSettings = {
				BUNDLE_LOADER = "$(TEST_HOST)";
				CODE_SIGN_STYLE = Automatic;
				CURRENT_PROJECT_VERSION = 1;
				GENERATE_INFOPLIST_FILE = YES;
				IPHONEOS_DEPLOYMENT_TARGET = 15.5;
				MARKETING_VERSION = 1.0;
				PRODUCT_BUNDLE_IDENTIFIER = Tippy.FlixerTests;
				PRODUCT_NAME = "$(TARGET_NAME)";
				SWIFT_EMIT_LOC_STRINGS = NO;
				TARGETED_DEVICE_FAMILY = "1,2";
				TEST_HOST = "$(BUILT_PRODUCTS_DIR)/Flixer.app/Flixer";
			};
			name = Release;
		};
		959AE956285A5269001F6067 /* Debug */ = {
			isa = XCBuildConfiguration;
			baseConfigurationReference = 168102CDFE95AEAFCB4AB319 /* Pods-Flixer-FlixerUITests.debug.xcconfig */;
			buildSettings = {
				CODE_SIGN_STYLE = Automatic;
				CURRENT_PROJECT_VERSION = 1;
				GENERATE_INFOPLIST_FILE = YES;
				MARKETING_VERSION = 1.0;
				PRODUCT_BUNDLE_IDENTIFIER = Tippy.FlixerUITests;
				PRODUCT_NAME = "$(TARGET_NAME)";
				SWIFT_EMIT_LOC_STRINGS = NO;
				TARGETED_DEVICE_FAMILY = "1,2";
				TEST_TARGET_NAME = Flixer;
			};
			name = Debug;
		};
		959AE957285A5269001F6067 /* Release */ = {
			isa = XCBuildConfiguration;
			baseConfigurationReference = A02D6AD38CD08D6D59A31446 /* Pods-Flixer-FlixerUITests.release.xcconfig */;
			buildSettings = {
				CODE_SIGN_STYLE = Automatic;
				CURRENT_PROJECT_VERSION = 1;
				GENERATE_INFOPLIST_FILE = YES;
				MARKETING_VERSION = 1.0;
				PRODUCT_BUNDLE_IDENTIFIER = Tippy.FlixerUITests;
				PRODUCT_NAME = "$(TARGET_NAME)";
				SWIFT_EMIT_LOC_STRINGS = NO;
				TARGETED_DEVICE_FAMILY = "1,2";
				TEST_TARGET_NAME = Flixer;
			};
			name = Release;
		};
/* End XCBuildConfiguration section */

/* Begin XCConfigurationList section */
		959AE918285A5268001F6067 /* Build configuration list for PBXProject "Flixer" */ = {
			isa = XCConfigurationList;
			buildConfigurations = (
				959AE94D285A5269001F6067 /* Debug */,
				959AE94E285A5269001F6067 /* Release */,
			);
			defaultConfigurationIsVisible = 0;
			defaultConfigurationName = Release;
		};
		959AE94F285A5269001F6067 /* Build configuration list for PBXNativeTarget "Flixer" */ = {
			isa = XCConfigurationList;
			buildConfigurations = (
				959AE950285A5269001F6067 /* Debug */,
				959AE951285A5269001F6067 /* Release */,
			);
			defaultConfigurationIsVisible = 0;
			defaultConfigurationName = Release;
		};
		959AE952285A5269001F6067 /* Build configuration list for PBXNativeTarget "FlixerTests" */ = {
			isa = XCConfigurationList;
			buildConfigurations = (
				959AE953285A5269001F6067 /* Debug */,
				959AE954285A5269001F6067 /* Release */,
			);
			defaultConfigurationIsVisible = 0;
			defaultConfigurationName = Release;
		};
		959AE955285A5269001F6067 /* Build configuration list for PBXNativeTarget "FlixerUITests" */ = {
			isa = XCConfigurationList;
			buildConfigurations = (
				959AE956285A5269001F6067 /* Debug */,
				959AE957285A5269001F6067 /* Release */,
			);
			defaultConfigurationIsVisible = 0;
			defaultConfigurationName = Release;
		};
/* End XCConfigurationList section */

/* Begin XCVersionGroup section */
		959AE92C285A5268001F6067 /* Flixer.xcdatamodeld */ = {
			isa = XCVersionGroup;
			children = (
				959AE92D285A5268001F6067 /* Flixer.xcdatamodel */,
			);
			currentVersion = 959AE92D285A5268001F6067 /* Flixer.xcdatamodel */;
			path = Flixer.xcdatamodeld;
			sourceTree = "<group>";
			versionGroupType = wrapper.xcdatamodel;
		};
/* End XCVersionGroup section */
	};
	rootObject = 959AE915285A5268001F6067 /* Project object */;
}
